
Microsoft Visual Studio Solution File, Format Version 12.00
# Visual Studio Version 16
VisualStudioVersion = 16.0.30717.126
MinimumVisualStudioVersion = 10.0.40219.1
Project("{8BC9CEB8-8B4A-11D0-8D11-00A0C91BC942}") = "tema7_2", "tema7_2\tema7_2.vcxproj", "{5A11902D-596C-4BDF-B20F-069ABB8DFFEA}"
EndProject
Global
	GlobalSection(SolutionConfigurationPlatforms) = preSolution
		Debug|x64 = Debug|x64
		Debug|x86 = Debug|x86
		Release|x64 = Release|x64
		Release|x86 = Release|x86
	EndGlobalSection
	GlobalSection(ProjectConfigurationPlatforms) = postSolution
		{5A11902D-596C-4BDF-B20F-069ABB8DFFEA}.Debug|x64.ActiveCfg = Debug|x64
		{5A11902D-596C-4BDF-B20F-069ABB8DFFEA}.Debug|x64.Build.0 = Debug|x64
		{5A11902D-596C-4BDF-B20F-069ABB8DFFEA}.Debug|x86.ActiveCfg = Debug|Win32
		{5A11902D-596C-4BDF-B20F-069ABB8DFFEA}.Debug|x86.Build.0 = Debug|Win32
		{5A11902D-596C-4BDF-B20F-069ABB8DFFEA}.Release|x64.ActiveCfg = Release|x64
		{5A11902D-596C-4BDF-B20F-069ABB8DFFEA}.Release|x64.Build.0 = Release|x64
		{5A11902D-596C-4BDF-B20F-069ABB8DFFEA}.Release|x86.ActiveCfg = Release|Win32
		{5A11902D-596C-4BDF-B20F-069ABB8DFFEA}.Release|x86.Build.0 = Release|Win32
	EndGlobalSection
	GlobalSection(SolutionProperties) = preSolution
		HideSolutionNode = FALSE
	EndGlobalSection
	GlobalSection(ExtensibilityGlobals) = postSolution
		SolutionGuid = {2BEDF309-E051-4B17-819B-39478F0CFA39}
	EndGlobalSection
EndGlobal
